
Microsoft Visual Studio Solution File, Format Version 12.00
# Visual Studio 15
VisualStudioVersion = 15.0.27703.2026
MinimumVisualStudioVersion = 10.0.40219.1
Project("{FAE04EC0-301F-11D3-BF4B-00C04F79EFBC}") = "TaskManagerServer", "PersonalTaskManager\TaskManagerServer.csproj", "{6A8BB6E8-D3B4-471F-934B-31B6AC43ABA4}"
EndProject
Project("{FAE04EC0-301F-11D3-BF4B-00C04F79EFBC}") = "TaskManager_ServiceLibrary", "TaskManagerService\TaskManager_ServiceLibrary.csproj", "{08E1186E-400E-4F7D-B3CF-87DC0AD614BE}"
EndProject
Project("{FAE04EC0-301F-11D3-BF4B-00C04F79EFBC}") = "TestConsole", "TestConsole\TestConsole.csproj", "{81964FBE-80BC-4040-B2C7-D2B0665BF9B4}"
	ProjectSection(ProjectDependencies) = postProject
		{08E1186E-400E-4F7D-B3CF-87DC0AD614BE} = {08E1186E-400E-4F7D-B3CF-87DC0AD614BE}
	EndProjectSection
EndProject
Global
	GlobalSection(SolutionConfigurationPlatforms) = preSolution
		Debug|Any CPU = Debug|Any CPU
		Release|Any CPU = Release|Any CPU
	EndGlobalSection
	GlobalSection(ProjectConfigurationPlatforms) = postSolution
		{6A8BB6E8-D3B4-471F-934B-31B6AC43ABA4}.Debug|Any CPU.ActiveCfg = Debug|Any CPU
		{6A8BB6E8-D3B4-471F-934B-31B6AC43ABA4}.Debug|Any CPU.Build.0 = Debug|Any CPU
		{6A8BB6E8-D3B4-471F-934B-31B6AC43ABA4}.Release|Any CPU.ActiveCfg = Release|Any CPU
		{6A8BB6E8-D3B4-471F-934B-31B6AC43ABA4}.Release|Any CPU.Build.0 = Release|Any CPU
		{08E1186E-400E-4F7D-B3CF-87DC0AD614BE}.Debug|Any CPU.ActiveCfg = Debug|Any CPU
		{08E1186E-400E-4F7D-B3CF-87DC0AD614BE}.Debug|Any CPU.Build.0 = Debug|Any CPU
		{08E1186E-400E-4F7D-B3CF-87DC0AD614BE}.Release|Any CPU.ActiveCfg = Release|Any CPU
		{08E1186E-400E-4F7D-B3CF-87DC0AD614BE}.Release|Any CPU.Build.0 = Release|Any CPU
		{81964FBE-80BC-4040-B2C7-D2B0665BF9B4}.Debug|Any CPU.ActiveCfg = Debug|Any CPU
		{81964FBE-80BC-4040-B2C7-D2B0665BF9B4}.Debug|Any CPU.Build.0 = Debug|Any CPU
		{81964FBE-80BC-4040-B2C7-D2B0665BF9B4}.Release|Any CPU.ActiveCfg = Release|Any CPU
		{81964FBE-80BC-4040-B2C7-D2B0665BF9B4}.Release|Any CPU.Build.0 = Release|Any CPU
	EndGlobalSection
	GlobalSection(SolutionProperties) = preSolution
		HideSolutionNode = FALSE
	EndGlobalSection
	GlobalSection(ExtensibilityGlobals) = postSolution
		SolutionGuid = {069DAE17-4445-4872-9DD2-A8A3A630FD8E}
	EndGlobalSection
EndGlobal
