
Microsoft Visual Studio Solution File, Format Version 12.00
# Visual Studio 15
VisualStudioVersion = 15.0.27703.2026
MinimumVisualStudioVersion = 10.0.40219.1
Project("{FAE04EC0-301F-11D3-BF4B-00C04F79EFBC}") = "BackEnd_TM", "BackEnd_TM\BackEnd_TM.csproj", "{4C0D15B9-1E01-4AF3-BD13-86CD15785D42}"
EndProject
Project("{FAE04EC0-301F-11D3-BF4B-00C04F79EFBC}") = "TaskManager_DataAccess", "TaskManager_DataAccess\TaskManager_DataAccess.csproj", "{714B856F-F1FE-42D6-851F-9EFF2CFE5620}"
EndProject
Global
	GlobalSection(SolutionConfigurationPlatforms) = preSolution
		Debug|Any CPU = Debug|Any CPU
		Release|Any CPU = Release|Any CPU
	EndGlobalSection
	GlobalSection(ProjectConfigurationPlatforms) = postSolution
		{4C0D15B9-1E01-4AF3-BD13-86CD15785D42}.Debug|Any CPU.ActiveCfg = Debug|Any CPU
		{4C0D15B9-1E01-4AF3-BD13-86CD15785D42}.Debug|Any CPU.Build.0 = Debug|Any CPU
		{4C0D15B9-1E01-4AF3-BD13-86CD15785D42}.Release|Any CPU.ActiveCfg = Release|Any CPU
		{4C0D15B9-1E01-4AF3-BD13-86CD15785D42}.Release|Any CPU.Build.0 = Release|Any CPU
		{714B856F-F1FE-42D6-851F-9EFF2CFE5620}.Debug|Any CPU.ActiveCfg = Debug|Any CPU
		{714B856F-F1FE-42D6-851F-9EFF2CFE5620}.Debug|Any CPU.Build.0 = Debug|Any CPU
		{714B856F-F1FE-42D6-851F-9EFF2CFE5620}.Release|Any CPU.ActiveCfg = Release|Any CPU
		{714B856F-F1FE-42D6-851F-9EFF2CFE5620}.Release|Any CPU.Build.0 = Release|Any CPU
	EndGlobalSection
	GlobalSection(SolutionProperties) = preSolution
		HideSolutionNode = FALSE
	EndGlobalSection
	GlobalSection(ExtensibilityGlobals) = postSolution
		SolutionGuid = {E218E2F5-3E85-486E-BD15-3E3FE77790B5}
	EndGlobalSection
EndGlobal
